
Microsoft Visual Studio Solution File, Format Version 12.00
# Visual Studio Version 17
VisualStudioVersion = 17.11.35017.193
MinimumVisualStudioVersion = 10.0.40219.1
Project("{9A19103F-16F7-4668-BE54-9A1E7A4F7556}") = "MetricsExemplarsTest", "MetricsExemplarsTest.csproj", "{B0E5420E-3343-4595-A003-555B6EEDAB01}"
EndProject
Global
	GlobalSection(SolutionConfigurationPlatforms) = preSolution
		Debug|Any CPU = Debug|Any CPU
		Release|Any CPU = Release|Any CPU
	EndGlobalSection
	GlobalSection(ProjectConfigurationPlatforms) = postSolution
		{B0E5420E-3343-4595-A003-555B6EEDAB01}.Debug|Any CPU.ActiveCfg = Debug|Any CPU
		{B0E5420E-3343-4595-A003-555B6EEDAB01}.Debug|Any CPU.Build.0 = Debug|Any CPU
		{B0E5420E-3343-4595-A003-555B6EEDAB01}.Release|Any CPU.ActiveCfg = Release|Any CPU
		{B0E5420E-3343-4595-A003-555B6EEDAB01}.Release|Any CPU.Build.0 = Release|Any CPU
	EndGlobalSection
	GlobalSection(SolutionProperties) = preSolution
		HideSolutionNode = FALSE
	EndGlobalSection
	GlobalSection(ExtensibilityGlobals) = postSolution
		SolutionGuid = {247F509B-948A-427B-B92F-79724C2FC723}
	EndGlobalSection
EndGlobal
